<?xml version="1.0" encoding="utf-8"?>
<Project ToolsVersion="4.0" xmlns="http://schemas.microsoft.com/developer/msbuild/2003">
  <ItemGroup>
    <Filter Include="Source Files">
      <UniqueIdentifier>{4FC737F1-C7A5-4376-A066-2A32D752A2FF}</UniqueIdentifier>
      <Extensions>cpp;c;cc;cxx;def;odl;idl;hpj;bat;asm;asmx</Extensions>
    </Filter>
    <Filter Include="Header Files">
      <UniqueIdentifier>{93995380-89BD-4b04-88EB-625FBE52EBFB}</UniqueIdentifier>
      <Extensions>h;hh;hpp;hxx;hm;inl;inc;xsd</Extensions>
    </Filter>
    <Filter Include="Resource Files">
      <UniqueIdentifier>{67DA6AB6-F800-4c08-8B7A-83BB121AAD01}</UniqueIdentifier>
      <Extensions>rc;ico;cur;bmp;dlg;rc2;rct;bin;rgs;gif;jpg;jpeg;jpe;resx;tiff;tif;png;wav;mfcribbon-ms</Extensions>
    </Filter>
    <Filter Include="GameObjects">
      <UniqueIdentifier>{4dbcd541-e83c-45e9-8891-6522881e0c47}</UniqueIdentifier>
    </Filter>
    <Filter Include="GameObjects\Header Files">
      <UniqueIdentifier>{4cc7ee2c-57ef-4eb1-97a4-0e047aa777b5}</UniqueIdentifier>
    </Filter>
    <Filter Include="GameObjects\Source Files">
      <UniqueIdentifier>{5f2d2342-24e5-4479-b742-998e26b92cb3}</UniqueIdentifier>
    </Filter>
    <Filter Include="Render">
      <UniqueIdentifier>{fd889cc9-0735-435f-a645-e9135ddb717a}</UniqueIdentifier>
    </Filter>
    <Filter Include="Render\Header Files">
      <UniqueIdentifier>{7cf79fd0-f957-48c2-8caa-3578e8a69634}</UniqueIdentifier>
    </Filter>
    <Filter Include="Render\Source Files">
      <UniqueIdentifier>{3329e7e5-5442-4273-b90a-84437b8eadfe}</UniqueIdentifier>
    </Filter>
  </ItemGroup>
  <ItemGroup>
    <ClInclude Include="Window.h">
      <Filter>Header Files</Filter>
    </ClInclude>
    <ClInclude Include="Game.h">
      <Filter>Header Files</Filter>
    </ClInclude>
    <ClInclude Include="Tile.h">
      <Filter>GameObjects\Header Files</Filter>
    </ClInclude>
    <ClInclude Include="Player.h">
      <Filter>GameObjects\Header Files</Filter>
    </ClInclude>
    <ClInclude Include="Sprite.h">
      <Filter>Render\Header Files</Filter>
    </ClInclude>
  </ItemGroup>
  <ItemGroup>
    <ClCompile Include="Window.cpp">
      <Filter>Source Files</Filter>
    </ClCompile>
    <ClCompile Include="Game.cpp">
      <Filter>Source Files</Filter>
    </ClCompile>
    <ClCompile Include="Tile.cpp">
      <Filter>GameObjects\Source Files</Filter>
    </ClCompile>
    <ClCompile Include="Player.cpp">
      <Filter>GameObjects\Source Files</Filter>
    </ClCompile>
    <ClCompile Include="Sprite.cpp">
      <Filter>Render\Source Files</Filter>
    </ClCompile>
  </ItemGroup>
</Project>