<?xml version="1.0" encoding="utf-8"?>
<Project ToolsVersion="4.0" xmlns="http://schemas.microsoft.com/developer/msbuild/2003">
  <ItemGroup>
    <Filter Include="Source Files">
      <UniqueIdentifier>{4FC737F1-C7A5-4376-A066-2A32D752A2FF}</UniqueIdentifier>
      <Extensions>cpp;c;cc;cxx;def;odl;idl;hpj;bat;asm;asmx</Extensions>
    </Filter>
    <Filter Include="Header Files">
      <UniqueIdentifier>{93995380-89BD-4b04-88EB-625FBE52EBFB}</UniqueIdentifier>
      <Extensions>h;hh;hpp;hxx;hm;inl;inc;xsd</Extensions>
    </Filter>
    <Filter Include="Resource Files">
      <UniqueIdentifier>{67DA6AB6-F800-4c08-8B7A-83BB121AAD01}</UniqueIdentifier>
      <Extensions>rc;ico;cur;bmp;dlg;rc2;rct;bin;rgs;gif;jpg;jpeg;jpe;resx;tiff;tif;png;wav;mfcribbon-ms</Extensions>
    </Filter>
    <Filter Include="Math">
      <UniqueIdentifier>{0728635c-11ab-4493-b7e4-a1b6ed936db8}</UniqueIdentifier>
    </Filter>
    <Filter Include="Math\Vector">
      <UniqueIdentifier>{c4a7c26c-400f-4927-8a3e-c3dcc2ea274e}</UniqueIdentifier>
    </Filter>
    <Filter Include="Utilities">
      <UniqueIdentifier>{ccd66999-7f4a-4192-bb68-ebe81bd9df7f}</UniqueIdentifier>
    </Filter>
    <Filter Include="Utilities\Timer">
      <UniqueIdentifier>{afee9429-48ac-4c51-ae88-dbea22a2bf01}</UniqueIdentifier>
    </Filter>
    <Filter Include="Utilities\Timer\Header Files">
      <UniqueIdentifier>{b1ebf78a-1499-4ff9-924b-6b3443b86129}</UniqueIdentifier>
    </Filter>
    <Filter Include="Utilities\Timer\Source Files">
      <UniqueIdentifier>{b0e6d79b-4adf-4ec9-b1be-526cd4b30cea}</UniqueIdentifier>
    </Filter>
    <Filter Include="Utilities\Input">
      <UniqueIdentifier>{90f517f8-8814-4c1f-bbbe-06bedb2f7af8}</UniqueIdentifier>
    </Filter>
    <Filter Include="Utilities\Input\Header Files">
      <UniqueIdentifier>{0fe7f4f6-0dc6-425c-a7b5-9654b666adb5}</UniqueIdentifier>
    </Filter>
    <Filter Include="Utilities\Input\Source Files">
      <UniqueIdentifier>{1bc5e5bf-928d-4a8a-97c2-f6259bdc9678}</UniqueIdentifier>
    </Filter>
    <Filter Include="Utilities\Arrays">
      <UniqueIdentifier>{7f1f48fc-e102-4ebf-ae63-64a2c0850709}</UniqueIdentifier>
    </Filter>
    <Filter Include="Debug">
      <UniqueIdentifier>{5e979db4-5083-45a0-aff4-7d6b8774d87d}</UniqueIdentifier>
    </Filter>
    <Filter Include="Debug\Header Files">
      <UniqueIdentifier>{1d36f882-83b9-4aa0-a8c6-f5b45341fb8f}</UniqueIdentifier>
    </Filter>
    <Filter Include="Debug\Source Files">
      <UniqueIdentifier>{98abd811-1234-40d6-ac33-b97d3f991093}</UniqueIdentifier>
    </Filter>
    <Filter Include="XML">
      <UniqueIdentifier>{3566aed8-286e-4d1f-a055-9f77fb7c11e2}</UniqueIdentifier>
    </Filter>
    <Filter Include="XML\Header Files">
      <UniqueIdentifier>{750c0571-02a7-4e03-9f34-0d5a423744b2}</UniqueIdentifier>
    </Filter>
    <Filter Include="XML\Source Files">
      <UniqueIdentifier>{87703cee-f4e8-4107-b972-85753acfd420}</UniqueIdentifier>
    </Filter>
  </ItemGroup>
  <ItemGroup>
    <ClInclude Include="Utilities.h">
      <Filter>Header Files</Filter>
    </ClInclude>
    <ClInclude Include="Time.h">
      <Filter>Utilities\Timer\Header Files</Filter>
    </ClInclude>
    <ClInclude Include="Timer.h">
      <Filter>Utilities\Timer\Header Files</Filter>
    </ClInclude>
    <ClInclude Include="TimerManager.h">
      <Filter>Utilities\Timer\Header Files</Filter>
    </ClInclude>
    <ClInclude Include="InputHandler.h">
      <Filter>Utilities\Input\Header Files</Filter>
    </ClInclude>
    <ClInclude Include="StaticArray.h">
      <Filter>Utilities\Arrays</Filter>
    </ClInclude>
    <ClInclude Include="VectorOnStack.h">
      <Filter>Utilities\Arrays</Filter>
    </ClInclude>
    <ClInclude Include="GrowingArray.h">
      <Filter>Utilities\Arrays</Filter>
    </ClInclude>
    <ClInclude Include="Vector.h">
      <Filter>Math\Vector</Filter>
    </ClInclude>
    <ClInclude Include="Vector2.h">
      <Filter>Math\Vector</Filter>
    </ClInclude>
    <ClInclude Include="Vector3.h">
      <Filter>Math\Vector</Filter>
    </ClInclude>
    <ClInclude Include="Vector4.h">
      <Filter>Math\Vector</Filter>
    </ClInclude>
    <ClInclude Include="Vector2decl.h">
      <Filter>Math\Vector</Filter>
    </ClInclude>
    <ClInclude Include="Vector3decl.h">
      <Filter>Math\Vector</Filter>
    </ClInclude>
    <ClInclude Include="Vector4decl.h">
      <Filter>Math\Vector</Filter>
    </ClInclude>
    <ClInclude Include="DL_Debug.h">
      <Filter>Debug\Header Files</Filter>
    </ClInclude>
    <ClInclude Include="DL_Assert.h">
      <Filter>Debug\Header Files</Filter>
    </ClInclude>
    <ClInclude Include="DL_StackWalker.h">
      <Filter>Debug\Header Files</Filter>
    </ClInclude>
    <ClInclude Include="StackWalker.h">
      <Filter>Debug\Header Files</Filter>
    </ClInclude>
    <ClInclude Include="tinyxml2.h">
      <Filter>XML\Header Files</Filter>
    </ClInclude>
  </ItemGroup>
  <ItemGroup>
    <ClCompile Include="Utilities.cpp">
      <Filter>Source Files</Filter>
    </ClCompile>
    <ClCompile Include="Time.cpp">
      <Filter>Utilities\Timer\Source Files</Filter>
    </ClCompile>
    <ClCompile Include="Timer.cpp">
      <Filter>Utilities\Timer\Source Files</Filter>
    </ClCompile>
    <ClCompile Include="TimerManager.cpp">
      <Filter>Utilities\Timer\Source Files</Filter>
    </ClCompile>
    <ClCompile Include="InputHandler.cpp">
      <Filter>Utilities\Input\Source Files</Filter>
    </ClCompile>
    <ClCompile Include="DL_Debug.cpp">
      <Filter>Debug\Source Files</Filter>
    </ClCompile>
    <ClCompile Include="DL_StackWalker.cpp">
      <Filter>Debug\Source Files</Filter>
    </ClCompile>
    <ClCompile Include="StackWalker.cpp">
      <Filter>Debug\Source Files</Filter>
    </ClCompile>
    <ClCompile Include="tinyxml2.cpp">
      <Filter>XML\Source Files</Filter>
    </ClCompile>
  </ItemGroup>
</Project>